
Microsoft Visual Studio Solution File, Format Version 12.00
# Visual Studio Version 17
VisualStudioVersion = 17.3.32825.248
MinimumVisualStudioVersion = 10.0.40219.1
Project("{FAE04EC0-301F-11D3-BF4B-00C04F79EFBC}") = "EfGetStartedNew", "EfGetStartedNew\EfGetStartedNew.csproj", "{2284572C-71ED-4C77-B556-74F1C8026265}"
EndProject
Global
	GlobalSection(SolutionConfigurationPlatforms) = preSolution
		Debug|Any CPU = Debug|Any CPU
		Release|Any CPU = Release|Any CPU
	EndGlobalSection
	GlobalSection(ProjectConfigurationPlatforms) = postSolution
		{2284572C-71ED-4C77-B556-74F1C8026265}.Debug|Any CPU.ActiveCfg = Debug|Any CPU
		{2284572C-71ED-4C77-B556-74F1C8026265}.Debug|Any CPU.Build.0 = Debug|Any CPU
		{2284572C-71ED-4C77-B556-74F1C8026265}.Release|Any CPU.ActiveCfg = Release|Any CPU
		{2284572C-71ED-4C77-B556-74F1C8026265}.Release|Any CPU.Build.0 = Release|Any CPU
	EndGlobalSection
	GlobalSection(SolutionProperties) = preSolution
		HideSolutionNode = FALSE
	EndGlobalSection
	GlobalSection(ExtensibilityGlobals) = postSolution
		SolutionGuid = {CDE68356-64E7-4A69-80AA-4F29A0FA6361}
	EndGlobalSection
EndGlobal
